
Microsoft Visual Studio Solution File, Format Version 12.00
# Visual Studio Version 17
VisualStudioVersion = 17.8.34330.188
MinimumVisualStudioVersion = 10.0.40219.1
Project("{FAE04EC0-301F-11D3-BF4B-00C04F79EFBC}") = "ConsoleApp11", "ConsoleApp11.csproj", "{58084FE8-C4F6-41EB-A6F8-09704ED3476A}"
EndProject
Global
	GlobalSection(SolutionConfigurationPlatforms) = preSolution
		Debug|Any CPU = Debug|Any CPU
		Release|Any CPU = Release|Any CPU
	EndGlobalSection
	GlobalSection(ProjectConfigurationPlatforms) = postSolution
		{58084FE8-C4F6-41EB-A6F8-09704ED3476A}.Debug|Any CPU.ActiveCfg = Debug|Any CPU
		{58084FE8-C4F6-41EB-A6F8-09704ED3476A}.Debug|Any CPU.Build.0 = Debug|Any CPU
		{58084FE8-C4F6-41EB-A6F8-09704ED3476A}.Release|Any CPU.ActiveCfg = Release|Any CPU
		{58084FE8-C4F6-41EB-A6F8-09704ED3476A}.Release|Any CPU.Build.0 = Release|Any CPU
	EndGlobalSection
	GlobalSection(SolutionProperties) = preSolution
		HideSolutionNode = FALSE
	EndGlobalSection
	GlobalSection(ExtensibilityGlobals) = postSolution
		SolutionGuid = {6CD87EF2-60FC-4F20-91EA-5C8B2BC9C0E7}
	EndGlobalSection
EndGlobal
